<?xml version="1.0" encoding="utf-8"?>
<Project ToolsVersion="4.0" xmlns="http://schemas.microsoft.com/developer/msbuild/2003">
  <ItemGroup>
    <Filter Include="test">
      <UniqueIdentifier>{4FC737F1-C7A5-4376-A066-2A32D752A2FF}</UniqueIdentifier>
      <Extensions>cpp;c;cc;cxx;def;odl;idl;hpj;bat;asm;asmx</Extensions>
    </Filter>
    <Filter Include="include">
      <UniqueIdentifier>{93995380-89BD-4b04-88EB-625FBE52EBFB}</UniqueIdentifier>
      <Extensions>h;hh;hpp;hxx;hm;inl;inc;ipp;xsd</Extensions>
    </Filter>
    <Filter Include="include\fundation">
      <UniqueIdentifier>{5601948d-f31c-4fc6-988c-7cdaa8c0ec59}</UniqueIdentifier>
    </Filter>
    <Filter Include="include\algorithm">
      <UniqueIdentifier>{aade0eb8-fd0f-4ef3-9345-752aa3aaf27c}</UniqueIdentifier>
    </Filter>
    <Filter Include="include\container">
      <UniqueIdentifier>{4a2b7be8-f2dd-433f-9959-9df4bd2b8246}</UniqueIdentifier>
    </Filter>
  </ItemGroup>
  <ItemGroup>
    <ClInclude Include="..\test\test.h">
      <Filter>test</Filter>
    </ClInclude>
    <ClInclude Include="..\test\algorithm_test.h">
      <Filter>test</Filter>
    </ClInclude>
    <ClInclude Include="..\include\algorithm\algobase.h">
      <Filter>include\algorithm</Filter>
    </ClInclude>
    <ClInclude Include="..\include\algorithm\algorithm.h">
      <Filter>include\algorithm</Filter>
    </ClInclude>
    <ClInclude Include="..\include\container\deque.h">
      <Filter>include\container</Filter>
    </ClInclude>
    <ClInclude Include="..\include\container\list.h">
      <Filter>include\container</Filter>
    </ClInclude>
    <ClInclude Include="..\include\container\vector.h">
      <Filter>include\container</Filter>
    </ClInclude>
    <ClInclude Include="..\include\fundation\alloc.h">
      <Filter>include\fundation</Filter>
    </ClInclude>
    <ClInclude Include="..\include\fundation\allocator.h">
      <Filter>include\fundation</Filter>
    </ClInclude>
    <ClInclude Include="..\include\fundation\construct.h">
      <Filter>include\fundation</Filter>
    </ClInclude>
    <ClInclude Include="..\include\fundation\exceptdef.h">
      <Filter>include\fundation</Filter>
    </ClInclude>
    <ClInclude Include="..\include\fundation\functional.h">
      <Filter>include\fundation</Filter>
    </ClInclude>
    <ClInclude Include="..\include\fundation\iterator.h">
      <Filter>include\fundation</Filter>
    </ClInclude>
    <ClInclude Include="..\include\fundation\type_traits.h">
      <Filter>include\fundation</Filter>
    </ClInclude>
    <ClInclude Include="..\include\fundation\uninitialized.h">
      <Filter>include\fundation</Filter>
    </ClInclude>
    <ClInclude Include="..\include\fundation\utility.h">
      <Filter>include\fundation</Filter>
    </ClInclude>
    <ClInclude Include="..\test\Integer_test.h">
      <Filter>test</Filter>
    </ClInclude>
    <ClInclude Include="..\include\container\Integer.h">
      <Filter>include\container</Filter>
    </ClInclude>
  </ItemGroup>
  <ItemGroup>
    <ClCompile Include="..\test\main.cpp">
      <Filter>test</Filter>
    </ClCompile>
  </ItemGroup>
</Project>